// !$*UTF8*$!
{
	archiveVersion = 1;
	classes = {
	};
	objectVersion = 50;
	objects = {

/* Begin PBXBuildFile section */
		900BD0ED2602A435003EFBF8 /* TabBarViewController.swift in Sources */ = {isa = PBXBuildFile; fileRef = 900BD0EC2602A435003EFBF8 /* TabBarViewController.swift */; };
		900BD0F02602A44A003EFBF8 /* HomeViewController.swift in Sources */ = {isa = PBXBuildFile; fileRef = 900BD0EF2602A44A003EFBF8 /* HomeViewController.swift */; };
		900BD0F32602A453003EFBF8 /* SearchViewController.swift in Sources */ = {isa = PBXBuildFile; fileRef = 900BD0F22602A453003EFBF8 /* SearchViewController.swift */; };
		9027D4AC2639C57A00322066 /* Model.xcdatamodeld in Sources */ = {isa = PBXBuildFile; fileRef = 9027D4AA2639C57A00322066 /* Model.xcdatamodeld */; };
		9027D4AE2639D22300322066 /* MovieDetailView.swift in Sources */ = {isa = PBXBuildFile; fileRef = 9027D4AD2639D22300322066 /* MovieDetailView.swift */; };
		906C6D2E26544CEC009596D2 /* NetworkManagerTests.swift in Sources */ = {isa = PBXBuildFile; fileRef = 906C6D2D26544CEC009596D2 /* NetworkManagerTests.swift */; };
		90733C7B25C8E445006717D2 /* AppDelegate.swift in Sources */ = {isa = PBXBuildFile; fileRef = 90733C7A25C8E445006717D2 /* AppDelegate.swift */; };
		90733C7D25C8E445006717D2 /* SceneDelegate.swift in Sources */ = {isa = PBXBuildFile; fileRef = 90733C7C25C8E445006717D2 /* SceneDelegate.swift */; };
		90733C8425C8E446006717D2 /* Assets.xcassets in Resources */ = {isa = PBXBuildFile; fileRef = 90733C8325C8E446006717D2 /* Assets.xcassets */; };
		90733C8725C8E446006717D2 /* LaunchScreen.storyboard in Resources */ = {isa = PBXBuildFile; fileRef = 90733C8525C8E446006717D2 /* LaunchScreen.storyboard */; };
		90762E1E2637735600DE527B /* MovieDetailViewController.swift in Sources */ = {isa = PBXBuildFile; fileRef = 90762E1D2637735600DE527B /* MovieDetailViewController.swift */; };
		90763B8E2662048300CF767A /* DateConverterHelper.swift in Sources */ = {isa = PBXBuildFile; fileRef = 90763B8D2662048300CF767A /* DateConverterHelper.swift */; };
		9096273F26168FF500BEBB42 /* APIResponse.swift in Sources */ = {isa = PBXBuildFile; fileRef = 9096273E26168FF500BEBB42 /* APIResponse.swift */; };
		90A7EA1226091452004491BC /* MovieCollectionViewCell.swift in Sources */ = {isa = PBXBuildFile; fileRef = 90A7EA1126091452004491BC /* MovieCollectionViewCell.swift */; };
		90ABA4932665BCC300A7F6C8 /* GenreConverter.swift in Sources */ = {isa = PBXBuildFile; fileRef = 90ABA4922665BCC300A7F6C8 /* GenreConverter.swift */; };
		90D5D66F26311005001992D8 /* CustomTableViewCell.swift in Sources */ = {isa = PBXBuildFile; fileRef = 90D5D66E26311005001992D8 /* CustomTableViewCell.swift */; };
		90E4DBCB261C138D00BB32C7 /* NetworkManager.swift in Sources */ = {isa = PBXBuildFile; fileRef = 90E4DBCA261C138D00BB32C7 /* NetworkManager.swift */; };
		90E4DBCF261C15A500BB32C7 /* Constants.swift in Sources */ = {isa = PBXBuildFile; fileRef = 90E4DBCE261C15A500BB32C7 /* Constants.swift */; };
		90E854A726082C360060ABCD /* WatchListViewController.swift in Sources */ = {isa = PBXBuildFile; fileRef = 90E854A626082C360060ABCD /* WatchListViewController.swift */; };
		B0BD8F302E0FA4F2ABBD0802 /* Pods_JustWatchIt.framework in Frameworks */ = {isa = PBXBuildFile; fileRef = 4A2CE582257A6BF7C16EA8AE /* Pods_JustWatchIt.framework */; };
/* End PBXBuildFile section */

/* Begin PBXContainerItemProxy section */
		9066D2BD263DBF59004581B6 /* PBXContainerItemProxy */ = {
			isa = PBXContainerItemProxy;
			containerPortal = 90733C6F25C8E445006717D2 /* Project object */;
			proxyType = 1;
			remoteGlobalIDString = 90733C7625C8E445006717D2;
			remoteInfo = JustWatchIt;
		};
/* End PBXContainerItemProxy section */

/* Begin PBXFileReference section */
		4A2CE582257A6BF7C16EA8AE /* Pods_JustWatchIt.framework */ = {isa = PBXFileReference; explicitFileType = wrapper.framework; includeInIndex = 0; path = Pods_JustWatchIt.framework; sourceTree = BUILT_PRODUCTS_DIR; };
		900BD0EC2602A435003EFBF8 /* TabBarViewController.swift */ = {isa = PBXFileReference; lastKnownFileType = sourcecode.swift; path = TabBarViewController.swift; sourceTree = "<group>"; };
		900BD0EF2602A44A003EFBF8 /* HomeViewController.swift */ = {isa = PBXFileReference; lastKnownFileType = sourcecode.swift; path = HomeViewController.swift; sourceTree = "<group>"; };
		900BD0F22602A453003EFBF8 /* SearchViewController.swift */ = {isa = PBXFileReference; lastKnownFileType = sourcecode.swift; path = SearchViewController.swift; sourceTree = "<group>"; };
		9027D4AB2639C57A00322066 /* Model.xcdatamodel */ = {isa = PBXFileReference; lastKnownFileType = wrapper.xcdatamodel; path = Model.xcdatamodel; sourceTree = "<group>"; };
		9027D4AD2639D22300322066 /* MovieDetailView.swift */ = {isa = PBXFileReference; lastKnownFileType = sourcecode.swift; path = MovieDetailView.swift; sourceTree = "<group>"; };
		9066D2B8263DBF59004581B6 /* JustWatchItTests.xctest */ = {isa = PBXFileReference; explicitFileType = wrapper.cfbundle; includeInIndex = 0; path = JustWatchItTests.xctest; sourceTree = BUILT_PRODUCTS_DIR; };
		9066D2BC263DBF59004581B6 /* Info.plist */ = {isa = PBXFileReference; lastKnownFileType = text.plist.xml; path = Info.plist; sourceTree = "<group>"; };
		906C6D2D26544CEC009596D2 /* NetworkManagerTests.swift */ = {isa = PBXFileReference; lastKnownFileType = sourcecode.swift; path = NetworkManagerTests.swift; sourceTree = "<group>"; };
		90733C7725C8E445006717D2 /* JustWatchIt.app */ = {isa = PBXFileReference; explicitFileType = wrapper.application; includeInIndex = 0; path = JustWatchIt.app; sourceTree = BUILT_PRODUCTS_DIR; };
		90733C7A25C8E445006717D2 /* AppDelegate.swift */ = {isa = PBXFileReference; lastKnownFileType = sourcecode.swift; path = AppDelegate.swift; sourceTree = "<group>"; };
		90733C7C25C8E445006717D2 /* SceneDelegate.swift */ = {isa = PBXFileReference; lastKnownFileType = sourcecode.swift; path = SceneDelegate.swift; sourceTree = "<group>"; };
		90733C8325C8E446006717D2 /* Assets.xcassets */ = {isa = PBXFileReference; lastKnownFileType = folder.assetcatalog; path = Assets.xcassets; sourceTree = "<group>"; };
		90733C8625C8E446006717D2 /* Base */ = {isa = PBXFileReference; lastKnownFileType = file.storyboard; name = Base; path = Base.lproj/LaunchScreen.storyboard; sourceTree = "<group>"; };
		90733C8825C8E446006717D2 /* Info.plist */ = {isa = PBXFileReference; lastKnownFileType = text.plist.xml; path = Info.plist; sourceTree = "<group>"; };
		90762E1D2637735600DE527B /* MovieDetailViewController.swift */ = {isa = PBXFileReference; lastKnownFileType = sourcecode.swift; path = MovieDetailViewController.swift; sourceTree = "<group>"; };
		90763B8D2662048300CF767A /* DateConverterHelper.swift */ = {isa = PBXFileReference; lastKnownFileType = sourcecode.swift; path = DateConverterHelper.swift; sourceTree = "<group>"; };
		9096273E26168FF500BEBB42 /* APIResponse.swift */ = {isa = PBXFileReference; lastKnownFileType = sourcecode.swift; path = APIResponse.swift; sourceTree = "<group>"; };
		90A7EA1126091452004491BC /* MovieCollectionViewCell.swift */ = {isa = PBXFileReference; lastKnownFileType = sourcecode.swift; path = MovieCollectionViewCell.swift; sourceTree = "<group>"; };
		90ABA4922665BCC300A7F6C8 /* GenreConverter.swift */ = {isa = PBXFileReference; lastKnownFileType = sourcecode.swift; path = GenreConverter.swift; sourceTree = "<group>"; };
		90D5D66E26311005001992D8 /* CustomTableViewCell.swift */ = {isa = PBXFileReference; lastKnownFileType = sourcecode.swift; path = CustomTableViewCell.swift; sourceTree = "<group>"; };
		90E4DBCA261C138D00BB32C7 /* NetworkManager.swift */ = {isa = PBXFileReference; lastKnownFileType = sourcecode.swift; path = NetworkManager.swift; sourceTree = "<group>"; };
		90E4DBCE261C15A500BB32C7 /* Constants.swift */ = {isa = PBXFileReference; lastKnownFileType = sourcecode.swift; path = Constants.swift; sourceTree = "<group>"; };
		90E854A626082C360060ABCD /* WatchListViewController.swift */ = {isa = PBXFileReference; lastKnownFileType = sourcecode.swift; path = WatchListViewController.swift; sourceTree = "<group>"; };
		922D0D92B7B43AA7C8230B0C /* Pods-JustWatchIt.release.xcconfig */ = {isa = PBXFileReference; includeInIndex = 1; lastKnownFileType = text.xcconfig; name = "Pods-JustWatchIt.release.xcconfig"; path = "Target Support Files/Pods-JustWatchIt/Pods-JustWatchIt.release.xcconfig"; sourceTree = "<group>"; };
		9FD69047B9A4C7A0DADEAC00 /* Pods-JustWatchIt.debug.xcconfig */ = {isa = PBXFileReference; includeInIndex = 1; lastKnownFileType = text.xcconfig; name = "Pods-JustWatchIt.debug.xcconfig"; path = "Target Support Files/Pods-JustWatchIt/Pods-JustWatchIt.debug.xcconfig"; sourceTree = "<group>"; };
/* End PBXFileReference section */

/* Begin PBXFrameworksBuildPhase section */
		9066D2B5263DBF59004581B6 /* Frameworks */ = {
			isa = PBXFrameworksBuildPhase;
			buildActionMask = 2147483647;
			files = (
			);
			runOnlyForDeploymentPostprocessing = 0;
		};
		90733C7425C8E445006717D2 /* Frameworks */ = {
			isa = PBXFrameworksBuildPhase;
			buildActionMask = 2147483647;
			files = (
				B0BD8F302E0FA4F2ABBD0802 /* Pods_JustWatchIt.framework in Frameworks */,
			);
			runOnlyForDeploymentPostprocessing = 0;
		};
/* End PBXFrameworksBuildPhase section */

/* Begin PBXGroup section */
		900BD0F72602A64D003EFBF8 /* Models */ = {
			isa = PBXGroup;
			children = (
				9096273E26168FF500BEBB42 /* APIResponse.swift */,
				90E4DBCE261C15A500BB32C7 /* Constants.swift */,
			);
			path = Models;
			sourceTree = "<group>";
		};
		900BD0F82602A652003EFBF8 /* Views */ = {
			isa = PBXGroup;
			children = (
				9027D4AD2639D22300322066 /* MovieDetailView.swift */,
				90D5D66E26311005001992D8 /* CustomTableViewCell.swift */,
				90A7EA1126091452004491BC /* MovieCollectionViewCell.swift */,
			);
			path = Views;
			sourceTree = "<group>";
		};
		900BD0FA2602A677003EFBF8 /* Resources */ = {
			isa = PBXGroup;
			children = (
				90733C8325C8E446006717D2 /* Assets.xcassets */,
			);
			path = Resources;
			sourceTree = "<group>";
		};
		9066D2B9263DBF59004581B6 /* JustWatchItTests */ = {
			isa = PBXGroup;
			children = (
				9066D2BC263DBF59004581B6 /* Info.plist */,
				906C6D2D26544CEC009596D2 /* NetworkManagerTests.swift */,
			);
			path = JustWatchItTests;
			sourceTree = "<group>";
		};
		907314E026364F79006542A3 /* Controllers */ = {
			isa = PBXGroup;
			children = (
				900BD0EC2602A435003EFBF8 /* TabBarViewController.swift */,
				900BD0EF2602A44A003EFBF8 /* HomeViewController.swift */,
				90762E1D2637735600DE527B /* MovieDetailViewController.swift */,
				900BD0F22602A453003EFBF8 /* SearchViewController.swift */,
				90E854A626082C360060ABCD /* WatchListViewController.swift */,
			);
			path = Controllers;
			sourceTree = "<group>";
		};
		90733C6E25C8E445006717D2 = {
			isa = PBXGroup;
			children = (
				90733C7925C8E445006717D2 /* JustWatchIt */,
				9066D2B9263DBF59004581B6 /* JustWatchItTests */,
				90733C7825C8E445006717D2 /* Products */,
				C47E3D08AB4DD9BC450C3973 /* Pods */,
				CF8B0E655D10FE121AEC5E31 /* Frameworks */,
			);
			sourceTree = "<group>";
		};
		90733C7825C8E445006717D2 /* Products */ = {
			isa = PBXGroup;
			children = (
				90733C7725C8E445006717D2 /* JustWatchIt.app */,
				9066D2B8263DBF59004581B6 /* JustWatchItTests.xctest */,
			);
			name = Products;
			sourceTree = "<group>";
		};
		90733C7925C8E445006717D2 /* JustWatchIt */ = {
			isa = PBXGroup;
			children = (
				90763B8C2662045A00CF767A /* Helper */,
				90733C8825C8E446006717D2 /* Info.plist */,
				90733C7C25C8E445006717D2 /* SceneDelegate.swift */,
				90733C7A25C8E445006717D2 /* AppDelegate.swift */,
				90733C8525C8E446006717D2 /* LaunchScreen.storyboard */,
				9027D4AA2639C57A00322066 /* Model.xcdatamodeld */,
				900BD0F72602A64D003EFBF8 /* Models */,
				900BD0F82602A652003EFBF8 /* Views */,
				907314E026364F79006542A3 /* Controllers */,
				900BD0FA2602A677003EFBF8 /* Resources */,
				90E4DBC9261C136A00BB32C7 /* Managers */,
			);
			path = JustWatchIt;
			sourceTree = "<group>";
		};
		90763B8C2662045A00CF767A /* Helper */ = {
			isa = PBXGroup;
			children = (
				90763B8D2662048300CF767A /* DateConverterHelper.swift */,
				90ABA4922665BCC300A7F6C8 /* GenreConverter.swift */,
			);
			path = Helper;
			sourceTree = "<group>";
		};
		90E4DBC9261C136A00BB32C7 /* Managers */ = {
			isa = PBXGroup;
			children = (
				90E4DBCA261C138D00BB32C7 /* NetworkManager.swift */,
			);
			path = Managers;
			sourceTree = "<group>";
		};
		C47E3D08AB4DD9BC450C3973 /* Pods */ = {
			isa = PBXGroup;
			children = (
				9FD69047B9A4C7A0DADEAC00 /* Pods-JustWatchIt.debug.xcconfig */,
				922D0D92B7B43AA7C8230B0C /* Pods-JustWatchIt.release.xcconfig */,
			);
			name = Pods;
			path = Pods;
			sourceTree = "<group>";
		};
		CF8B0E655D10FE121AEC5E31 /* Frameworks */ = {
			isa = PBXGroup;
			children = (
				4A2CE582257A6BF7C16EA8AE /* Pods_JustWatchIt.framework */,
			);
			name = Frameworks;
			sourceTree = "<group>";
		};
/* End PBXGroup section */

/* Begin PBXNativeTarget section */
		9066D2B7263DBF59004581B6 /* JustWatchItTests */ = {
			isa = PBXNativeTarget;
			buildConfigurationList = 9066D2C1263DBF59004581B6 /* Build configuration list for PBXNativeTarget "JustWatchItTests" */;
			buildPhases = (
				9066D2B4263DBF59004581B6 /* Sources */,
				9066D2B5263DBF59004581B6 /* Frameworks */,
				9066D2B6263DBF59004581B6 /* Resources */,
			);
			buildRules = (
			);
			dependencies = (
				9066D2BE263DBF59004581B6 /* PBXTargetDependency */,
			);
			name = JustWatchItTests;
			productName = JustWatchItTests;
			productReference = 9066D2B8263DBF59004581B6 /* JustWatchItTests.xctest */;
			productType = "com.apple.product-type.bundle.unit-test";
		};
		90733C7625C8E445006717D2 /* JustWatchIt */ = {
			isa = PBXNativeTarget;
			buildConfigurationList = 90733C8B25C8E446006717D2 /* Build configuration list for PBXNativeTarget "JustWatchIt" */;
			buildPhases = (
				DF701FE2C3F7029263420CA1 /* [CP] Check Pods Manifest.lock */,
				90733C7325C8E445006717D2 /* Sources */,
				90733C7425C8E445006717D2 /* Frameworks */,
				90733C7525C8E445006717D2 /* Resources */,
				DD0B83562C8F613DB5C53819 /* [CP] Embed Pods Frameworks */,
			);
			buildRules = (
			);
			dependencies = (
			);
			name = JustWatchIt;
			productName = JustWatchIt;
			productReference = 90733C7725C8E445006717D2 /* JustWatchIt.app */;
			productType = "com.apple.product-type.application";
		};
/* End PBXNativeTarget section */

/* Begin PBXProject section */
		90733C6F25C8E445006717D2 /* Project object */ = {
			isa = PBXProject;
			attributes = {
				LastSwiftUpdateCheck = 1250;
				LastUpgradeCheck = 1240;
				TargetAttributes = {
					9066D2B7263DBF59004581B6 = {
						CreatedOnToolsVersion = 12.5;
						TestTargetID = 90733C7625C8E445006717D2;
					};
					90733C7625C8E445006717D2 = {
						CreatedOnToolsVersion = 12.4;
					};
				};
			};
			buildConfigurationList = 90733C7225C8E445006717D2 /* Build configuration list for PBXProject "JustWatchIt" */;
			compatibilityVersion = "Xcode 9.3";
			developmentRegion = en;
			hasScannedForEncodings = 0;
			knownRegions = (
				en,
				Base,
			);
			mainGroup = 90733C6E25C8E445006717D2;
			productRefGroup = 90733C7825C8E445006717D2 /* Products */;
			projectDirPath = "";
			projectRoot = "";
			targets = (
				90733C7625C8E445006717D2 /* JustWatchIt */,
				9066D2B7263DBF59004581B6 /* JustWatchItTests */,
			);
		};
/* End PBXProject section */

/* Begin PBXResourcesBuildPhase section */
		9066D2B6263DBF59004581B6 /* Resources */ = {
			isa = PBXResourcesBuildPhase;
			buildActionMask = 2147483647;
			files = (
			);
			runOnlyForDeploymentPostprocessing = 0;
		};
		90733C7525C8E445006717D2 /* Resources */ = {
			isa = PBXResourcesBuildPhase;
			buildActionMask = 2147483647;
			files = (
				90733C8725C8E446006717D2 /* LaunchScreen.storyboard in Resources */,
				90733C8425C8E446006717D2 /* Assets.xcassets in Resources */,
			);
			runOnlyForDeploymentPostprocessing = 0;
		};
/* End PBXResourcesBuildPhase section */

/* Begin PBXShellScriptBuildPhase section */
		DD0B83562C8F613DB5C53819 /* [CP] Embed Pods Frameworks */ = {
			isa = PBXShellScriptBuildPhase;
			buildActionMask = 2147483647;
			files = (
			);
			inputFileListPaths = (
				"${PODS_ROOT}/Target Support Files/Pods-JustWatchIt/Pods-JustWatchIt-frameworks-${CONFIGURATION}-input-files.xcfilelist",
			);
			name = "[CP] Embed Pods Frameworks";
			outputFileListPaths = (
				"${PODS_ROOT}/Target Support Files/Pods-JustWatchIt/Pods-JustWatchIt-frameworks-${CONFIGURATION}-output-files.xcfilelist",
			);
			runOnlyForDeploymentPostprocessing = 0;
			shellPath = /bin/sh;
			shellScript = "\"${PODS_ROOT}/Target Support Files/Pods-JustWatchIt/Pods-JustWatchIt-frameworks.sh\"\n";
			showEnvVarsInLog = 0;
		};
		DF701FE2C3F7029263420CA1 /* [CP] Check Pods Manifest.lock */ = {
			isa = PBXShellScriptBuildPhase;
			buildActionMask = 2147483647;
			files = (
			);
			inputFileListPaths = (
			);
			inputPaths = (
				"${PODS_PODFILE_DIR_PATH}/Podfile.lock",
				"${PODS_ROOT}/Manifest.lock",
			);
			name = "[CP] Check Pods Manifest.lock";
			outputFileListPaths = (
			);
			outputPaths = (
				"$(DERIVED_FILE_DIR)/Pods-JustWatchIt-checkManifestLockResult.txt",
			);
			runOnlyForDeploymentPostprocessing = 0;
			shellPath = /bin/sh;
			shellScript = "diff \"${PODS_PODFILE_DIR_PATH}/Podfile.lock\" \"${PODS_ROOT}/Manifest.lock\" > /dev/null\nif [ $? != 0 ] ; then\n    # print error to STDERR\n    echo \"error: The sandbox is not in sync with the Podfile.lock. Run 'pod install' or update your CocoaPods installation.\" >&2\n    exit 1\nfi\n# This output is used by Xcode 'outputs' to avoid re-running this script phase.\necho \"SUCCESS\" > \"${SCRIPT_OUTPUT_FILE_0}\"\n";
			showEnvVarsInLog = 0;
		};
/* End PBXShellScriptBuildPhase section */

/* Begin PBXSourcesBuildPhase section */
		9066D2B4263DBF59004581B6 /* Sources */ = {
			isa = PBXSourcesBuildPhase;
			buildActionMask = 2147483647;
			files = (
				906C6D2E26544CEC009596D2 /* NetworkManagerTests.swift in Sources */,
			);
			runOnlyForDeploymentPostprocessing = 0;
		};
		90733C7325C8E445006717D2 /* Sources */ = {
			isa = PBXSourcesBuildPhase;
			buildActionMask = 2147483647;
			files = (
				900BD0F32602A453003EFBF8 /* SearchViewController.swift in Sources */,
				90E4DBCF261C15A500BB32C7 /* Constants.swift in Sources */,
				900BD0F02602A44A003EFBF8 /* HomeViewController.swift in Sources */,
				90E4DBCB261C138D00BB32C7 /* NetworkManager.swift in Sources */,
				90762E1E2637735600DE527B /* MovieDetailViewController.swift in Sources */,
				9096273F26168FF500BEBB42 /* APIResponse.swift in Sources */,
				9027D4AE2639D22300322066 /* MovieDetailView.swift in Sources */,
				900BD0ED2602A435003EFBF8 /* TabBarViewController.swift in Sources */,
				90ABA4932665BCC300A7F6C8 /* GenreConverter.swift in Sources */,
				90733C7B25C8E445006717D2 /* AppDelegate.swift in Sources */,
				90E854A726082C360060ABCD /* WatchListViewController.swift in Sources */,
				90D5D66F26311005001992D8 /* CustomTableViewCell.swift in Sources */,
				90733C7D25C8E445006717D2 /* SceneDelegate.swift in Sources */,
				9027D4AC2639C57A00322066 /* Model.xcdatamodeld in Sources */,
				90A7EA1226091452004491BC /* MovieCollectionViewCell.swift in Sources */,
				90763B8E2662048300CF767A /* DateConverterHelper.swift in Sources */,
			);
			runOnlyForDeploymentPostprocessing = 0;
		};
/* End PBXSourcesBuildPhase section */

/* Begin PBXTargetDependency section */
		9066D2BE263DBF59004581B6 /* PBXTargetDependency */ = {
			isa = PBXTargetDependency;
			target = 90733C7625C8E445006717D2 /* JustWatchIt */;
			targetProxy = 9066D2BD263DBF59004581B6 /* PBXContainerItemProxy */;
		};
/* End PBXTargetDependency section */

/* Begin PBXVariantGroup section */
		90733C8525C8E446006717D2 /* LaunchScreen.storyboard */ = {
			isa = PBXVariantGroup;
			children = (
				90733C8625C8E446006717D2 /* Base */,
			);
			name = LaunchScreen.storyboard;
			sourceTree = "<group>";
		};
/* End PBXVariantGroup section */

/* Begin XCBuildConfiguration section */
		9066D2BF263DBF59004581B6 /* Debug */ = {
			isa = XCBuildConfiguration;
			buildSettings = {
				BUNDLE_LOADER = "$(TEST_HOST)";
				CODE_SIGN_STYLE = Automatic;
				DEVELOPMENT_TEAM = M28B8923AA;
				INFOPLIST_FILE = JustWatchItTests/Info.plist;
				IPHONEOS_DEPLOYMENT_TARGET = 14.5;
				LD_RUNPATH_SEARCH_PATHS = (
					"$(inherited)",
					"@executable_path/Frameworks",
					"@loader_path/Frameworks",
				);
				PRODUCT_BUNDLE_IDENTIFIER = com.lawrencedizon.JustWatchItTests;
				PRODUCT_NAME = "$(TARGET_NAME)";
				SWIFT_VERSION = 5.0;
				TARGETED_DEVICE_FAMILY = "1,2";
				TEST_HOST = "$(BUILT_PRODUCTS_DIR)/JustWatchIt.app/JustWatchIt";
			};
			name = Debug;
		};
		9066D2C0263DBF59004581B6 /* Release */ = {
			isa = XCBuildConfiguration;
			buildSettings = {
				BUNDLE_LOADER = "$(TEST_HOST)";
				CODE_SIGN_STYLE = Automatic;
				DEVELOPMENT_TEAM = M28B8923AA;
				INFOPLIST_FILE = JustWatchItTests/Info.plist;
				IPHONEOS_DEPLOYMENT_TARGET = 14.5;
				LD_RUNPATH_SEARCH_PATHS = (
					"$(inherited)",
					"@executable_path/Frameworks",
					"@loader_path/Frameworks",
				);
				PRODUCT_BUNDLE_IDENTIFIER = com.lawrencedizon.JustWatchItTests;
				PRODUCT_NAME = "$(TARGET_NAME)";
				SWIFT_VERSION = 5.0;
				TARGETED_DEVICE_FAMILY = "1,2";
				TEST_HOST = "$(BUILT_PRODUCTS_DIR)/JustWatchIt.app/JustWatchIt";
			};
			name = Release;
		};
		90733C8925C8E446006717D2 /* Debug */ = {
			isa = XCBuildConfiguration;
			buildSettings = {
				ALWAYS_SEARCH_USER_PATHS = NO;
				CLANG_ANALYZER_NONNULL = YES;
				CLANG_ANALYZER_NUMBER_OBJECT_CONVERSION = YES_AGGRESSIVE;
				CLANG_CXX_LANGUAGE_STANDARD = "gnu++14";
				CLANG_CXX_LIBRARY = "libc++";
				CLANG_ENABLE_MODULES = YES;
				CLANG_ENABLE_OBJC_ARC = YES;
				CLANG_ENABLE_OBJC_WEAK = YES;
				CLANG_WARN_BLOCK_CAPTURE_AUTORELEASING = YES;
				CLANG_WARN_BOOL_CONVERSION = YES;
				CLANG_WARN_COMMA = YES;
				CLANG_WARN_CONSTANT_CONVERSION = YES;
				CLANG_WARN_DEPRECATED_OBJC_IMPLEMENTATIONS = YES;
				CLANG_WARN_DIRECT_OBJC_ISA_USAGE = YES_ERROR;
				CLANG_WARN_DOCUMENTATION_COMMENTS = YES;
				CLANG_WARN_EMPTY_BODY = YES;
				CLANG_WARN_ENUM_CONVERSION = YES;
				CLANG_WARN_INFINITE_RECURSION = YES;
				CLANG_WARN_INT_CONVERSION = YES;
				CLANG_WARN_NON_LITERAL_NULL_CONVERSION = YES;
				CLANG_WARN_OBJC_IMPLICIT_RETAIN_SELF = YES;
				CLANG_WARN_OBJC_LITERAL_CONVERSION = YES;
				CLANG_WARN_OBJC_ROOT_CLASS = YES_ERROR;
				CLANG_WARN_QUOTED_INCLUDE_IN_FRAMEWORK_HEADER = YES;
				CLANG_WARN_RANGE_LOOP_ANALYSIS = YES;
				CLANG_WARN_STRICT_PROTOTYPES = YES;
				CLANG_WARN_SUSPICIOUS_MOVE = YES;
				CLANG_WARN_UNGUARDED_AVAILABILITY = YES_AGGRESSIVE;
				CLANG_WARN_UNREACHABLE_CODE = YES;
				CLANG_WARN__DUPLICATE_METHOD_MATCH = YES;
				COPY_PHASE_STRIP = NO;
				DEBUG_INFORMATION_FORMAT = dwarf;
				ENABLE_STRICT_OBJC_MSGSEND = YES;
				ENABLE_TESTABILITY = YES;
				GCC_C_LANGUAGE_STANDARD = gnu11;
				GCC_DYNAMIC_NO_PIC = NO;
				GCC_NO_COMMON_BLOCKS = YES;
				GCC_OPTIMIZATION_LEVEL = 0;
				GCC_PREPROCESSOR_DEFINITIONS = (
					"DEBUG=1",
					"$(inherited)",
				);
				GCC_WARN_64_TO_32_BIT_CONVERSION = YES;
				GCC_WARN_ABOUT_RETURN_TYPE = YES_ERROR;
				GCC_WARN_UNDECLARED_SELECTOR = YES;
				GCC_WARN_UNINITIALIZED_AUTOS = YES_AGGRESSIVE;
				GCC_WARN_UNUSED_FUNCTION = YES;
				GCC_WARN_UNUSED_VARIABLE = YES;
				IPHONEOS_DEPLOYMENT_TARGET = 14.5;
				MTL_ENABLE_DEBUG_INFO = INCLUDE_SOURCE;
				MTL_FAST_MATH = YES;
				ONLY_ACTIVE_ARCH = YES;
				SDKROOT = iphoneos;
				SWIFT_ACTIVE_COMPILATION_CONDITIONS = DEBUG;
				SWIFT_OPTIMIZATION_LEVEL = "-Onone";
			};
			name = Debug;
		};
		90733C8A25C8E446006717D2 /* Release */ = {
			isa = XCBuildConfiguration;
			buildSettings = {
				ALWAYS_SEARCH_USER_PATHS = NO;
				CLANG_ANALYZER_NONNULL = YES;
				CLANG_ANALYZER_NUMBER_OBJECT_CONVERSION = YES_AGGRESSIVE;
				CLANG_CXX_LANGUAGE_STANDARD = "gnu++14";
				CLANG_CXX_LIBRARY = "libc++";
				CLANG_ENABLE_MODULES = YES;
				CLANG_ENABLE_OBJC_ARC = YES;
				CLANG_ENABLE_OBJC_WEAK = YES;
				CLANG_WARN_BLOCK_CAPTURE_AUTORELEASING = YES;
				CLANG_WARN_BOOL_CONVERSION = YES;
				CLANG_WARN_COMMA = YES;
				CLANG_WARN_CONSTANT_CONVERSION = YES;
				CLANG_WARN_DEPRECATED_OBJC_IMPLEMENTATIONS = YES;
				CLANG_WARN_DIRECT_OBJC_ISA_USAGE = YES_ERROR;
				CLANG_WARN_DOCUMENTATION_COMMENTS = YES;
				CLANG_WARN_EMPTY_BODY = YES;
				CLANG_WARN_ENUM_CONVERSION = YES;
				CLANG_WARN_INFINITE_RECURSION = YES;
				CLANG_WARN_INT_CONVERSION = YES;
				CLANG_WARN_NON_LITERAL_NULL_CONVERSION = YES;
				CLANG_WARN_OBJC_IMPLICIT_RETAIN_SELF = YES;
				CLANG_WARN_OBJC_LITERAL_CONVERSION = YES;
				CLANG_WARN_OBJC_ROOT_CLASS = YES_ERROR;
				CLANG_WARN_QUOTED_INCLUDE_IN_FRAMEWORK_HEADER = YES;
				CLANG_WARN_RANGE_LOOP_ANALYSIS = YES;
				CLANG_WARN_STRICT_PROTOTYPES = YES;
				CLANG_WARN_SUSPICIOUS_MOVE = YES;
				CLANG_WARN_UNGUARDED_AVAILABILITY = YES_AGGRESSIVE;
				CLANG_WARN_UNREACHABLE_CODE = YES;
				CLANG_WARN__DUPLICATE_METHOD_MATCH = YES;
				COPY_PHASE_STRIP = NO;
				DEBUG_INFORMATION_FORMAT = "dwarf-with-dsym";
				ENABLE_NS_ASSERTIONS = NO;
				ENABLE_STRICT_OBJC_MSGSEND = YES;
				GCC_C_LANGUAGE_STANDARD = gnu11;
				GCC_NO_COMMON_BLOCKS = YES;
				GCC_WARN_64_TO_32_BIT_CONVERSION = YES;
				GCC_WARN_ABOUT_RETURN_TYPE = YES_ERROR;
				GCC_WARN_UNDECLARED_SELECTOR = YES;
				GCC_WARN_UNINITIALIZED_AUTOS = YES_AGGRESSIVE;
				GCC_WARN_UNUSED_FUNCTION = YES;
				GCC_WARN_UNUSED_VARIABLE = YES;
				IPHONEOS_DEPLOYMENT_TARGET = 14.5;
				MTL_ENABLE_DEBUG_INFO = NO;
				MTL_FAST_MATH = YES;
				SDKROOT = iphoneos;
				SWIFT_COMPILATION_MODE = wholemodule;
				SWIFT_OPTIMIZATION_LEVEL = "-O";
				VALIDATE_PRODUCT = YES;
			};
			name = Release;
		};
		90733C8C25C8E446006717D2 /* Debug */ = {
			isa = XCBuildConfiguration;
			baseConfigurationReference = 9FD69047B9A4C7A0DADEAC00 /* Pods-JustWatchIt.debug.xcconfig */;
			buildSettings = {
				ASSETCATALOG_COMPILER_APPICON_NAME = AppIcon;
				ASSETCATALOG_COMPILER_GLOBAL_ACCENT_COLOR_NAME = AccentColor;
				CODE_SIGN_STYLE = Automatic;
				DEVELOPMENT_TEAM = M28B8923AA;
				INFOPLIST_FILE = JustWatchIt/Info.plist;
				LD_RUNPATH_SEARCH_PATHS = (
					"$(inherited)",
					"@executable_path/Frameworks",
				);
				PRODUCT_BUNDLE_IDENTIFIER = com.lawrencedizon.JustWatchIt;
				PRODUCT_NAME = "$(TARGET_NAME)";
				SWIFT_VERSION = 5.0;
				TARGETED_DEVICE_FAMILY = 1;
			};
			name = Debug;
		};
		90733C8D25C8E446006717D2 /* Release */ = {
			isa = XCBuildConfiguration;
			baseConfigurationReference = 922D0D92B7B43AA7C8230B0C /* Pods-JustWatchIt.release.xcconfig */;
			buildSettings = {
				ASSETCATALOG_COMPILER_APPICON_NAME = AppIcon;
				ASSETCATALOG_COMPILER_GLOBAL_ACCENT_COLOR_NAME = AccentColor;
				CODE_SIGN_STYLE = Automatic;
				DEVELOPMENT_TEAM = M28B8923AA;
				INFOPLIST_FILE = JustWatchIt/Info.plist;
				LD_RUNPATH_SEARCH_PATHS = (
					"$(inherited)",
					"@executable_path/Frameworks",
				);
				PRODUCT_BUNDLE_IDENTIFIER = com.lawrencedizon.JustWatchIt;
				PRODUCT_NAME = "$(TARGET_NAME)";
				SWIFT_VERSION = 5.0;
				TARGETED_DEVICE_FAMILY = 1;
			};
			name = Release;
		};
/* End XCBuildConfiguration section */

/* Begin XCConfigurationList section */
		9066D2C1263DBF59004581B6 /* Build configuration list for PBXNativeTarget "JustWatchItTests" */ = {
			isa = XCConfigurationList;
			buildConfigurations = (
				9066D2BF263DBF59004581B6 /* Debug */,
				9066D2C0263DBF59004581B6 /* Release */,
			);
			defaultConfigurationIsVisible = 0;
			defaultConfigurationName = Release;
		};
		90733C7225C8E445006717D2 /* Build configuration list for PBXProject "JustWatchIt" */ = {
			isa = XCConfigurationList;
			buildConfigurations = (
				90733C8925C8E446006717D2 /* Debug */,
				90733C8A25C8E446006717D2 /* Release */,
			);
			defaultConfigurationIsVisible = 0;
			defaultConfigurationName = Release;
		};
		90733C8B25C8E446006717D2 /* Build configuration list for PBXNativeTarget "JustWatchIt" */ = {
			isa = XCConfigurationList;
			buildConfigurations = (
				90733C8C25C8E446006717D2 /* Debug */,
				90733C8D25C8E446006717D2 /* Release */,
			);
			defaultConfigurationIsVisible = 0;
			defaultConfigurationName = Release;
		};
/* End XCConfigurationList section */

/* Begin XCVersionGroup section */
		9027D4AA2639C57A00322066 /* Model.xcdatamodeld */ = {
			isa = XCVersionGroup;
			children = (
				9027D4AB2639C57A00322066 /* Model.xcdatamodel */,
			);
			currentVersion = 9027D4AB2639C57A00322066 /* Model.xcdatamodel */;
			path = Model.xcdatamodeld;
			sourceTree = "<group>";
			versionGroupType = wrapper.xcdatamodel;
		};
/* End XCVersionGroup section */
	};
	rootObject = 90733C6F25C8E445006717D2 /* Project object */;
}
